// !$*UTF8*$!
{
	archiveVersion = 1;
	classes = {
	};
	objectVersion = 50;
	objects = {

/* Begin PBXBuildFile section */
		186A56AF22D7E6CB005CD5C4 /* AppDelegate.swift in Sources */ = {isa = PBXBuildFile; fileRef = 186A56AE22D7E6CB005CD5C4 /* AppDelegate.swift */; };
		186A56B122D7E6CB005CD5C4 /* ViewController.swift in Sources */ = {isa = PBXBuildFile; fileRef = 186A56B022D7E6CB005CD5C4 /* ViewController.swift */; };
		186A56B422D7E6CB005CD5C4 /* Main.storyboard in Resources */ = {isa = PBXBuildFile; fileRef = 186A56B222D7E6CB005CD5C4 /* Main.storyboard */; };
		186A56B622D7E6CC005CD5C4 /* Assets.xcassets in Resources */ = {isa = PBXBuildFile; fileRef = 186A56B522D7E6CC005CD5C4 /* Assets.xcassets */; };
		186A56B922D7E6CC005CD5C4 /* LaunchScreen.storyboard in Resources */ = {isa = PBXBuildFile; fileRef = 186A56B722D7E6CC005CD5C4 /* LaunchScreen.storyboard */; };
/* End PBXBuildFile section */

/* Begin PBXFileReference section */
		186A56AB22D7E6CB005CD5C4 /* emojional.app */ = {isa = PBXFileReference; explicitFileType = wrapper.application; includeInIndex = 0; path = emojional.app; sourceTree = BUILT_PRODUCTS_DIR; };
		186A56AE22D7E6CB005CD5C4 /* AppDelegate.swift */ = {isa = PBXFileReference; lastKnownFileType = sourcecode.swift; path = AppDelegate.swift; sourceTree = "<group>"; };
		186A56B022D7E6CB005CD5C4 /* ViewController.swift */ = {isa = PBXFileReference; lastKnownFileType = sourcecode.swift; path = ViewController.swift; sourceTree = "<group>"; };
		186A56B322D7E6CB005CD5C4 /* Base */ = {isa = PBXFileReference; lastKnownFileType = file.storyboard; name = Base; path = Base.lproj/Main.storyboard; sourceTree = "<group>"; };
		186A56B522D7E6CC005CD5C4 /* Assets.xcassets */ = {isa = PBXFileReference; lastKnownFileType = folder.assetcatalog; path = Assets.xcassets; sourceTree = "<group>"; };
		186A56B822D7E6CC005CD5C4 /* Base */ = {isa = PBXFileReference; lastKnownFileType = file.storyboard; name = Base; path = Base.lproj/LaunchScreen.storyboard; sourceTree = "<group>"; };
		186A56BA22D7E6CC005CD5C4 /* Info.plist */ = {isa = PBXFileReference; lastKnownFileType = text.plist.xml; path = Info.plist; sourceTree = "<group>"; };
/* End PBXFileReference section */

/* Begin PBXFrameworksBuildPhase section */
		186A56A822D7E6CB005CD5C4 /* Frameworks */ = {
			isa = PBXFrameworksBuildPhase;
			buildActionMask = 2147483647;
			files = (
			);
			runOnlyForDeploymentPostprocessing = 0;
		};
/* End PBXFrameworksBuildPhase section */

/* Begin PBXGroup section */
		186A56A222D7E6CB005CD5C4 = {
			isa = PBXGroup;
			children = (
				186A56AD22D7E6CB005CD5C4 /* emojional */,
				186A56AC22D7E6CB005CD5C4 /* Products */,
			);
			sourceTree = "<group>";
		};
		186A56AC22D7E6CB005CD5C4 /* Products */ = {
			isa = PBXGroup;
			children = (
				186A56AB22D7E6CB005CD5C4 /* emojional.app */,
			);
			name = Products;
			sourceTree = "<group>";
		};
		186A56AD22D7E6CB005CD5C4 /* emojional */ = {
			isa = PBXGroup;
			children = (
				186A56AE22D7E6CB005CD5C4 /* AppDelegate.swift */,
				186A56B022D7E6CB005CD5C4 /* ViewController.swift */,
				186A56B222D7E6CB005CD5C4 /* Main.storyboard */,
				186A56B522D7E6CC005CD5C4 /* Assets.xcassets */,
				186A56B722D7E6CC005CD5C4 /* LaunchScreen.storyboard */,
				186A56BA22D7E6CC005CD5C4 /* Info.plist */,
			);
			path = emojional;
			sourceTree = "<group>";
		};
/* End PBXGroup section */

/* Begin PBXNativeTarget section */
		186A56AA22D7E6CB005CD5C4 /* emojional */ = {
			isa = PBXNativeTarget;
			buildConfigurationList = 186A56BD22D7E6CC005CD5C4 /* Build configuration list for PBXNativeTarget "emojional" */;
			buildPhases = (
				186A56A722D7E6CB005CD5C4 /* Sources */,
				186A56A822D7E6CB005CD5C4 /* Frameworks */,
				186A56A922D7E6CB005CD5C4 /* Resources */,
			);
			buildRules = (
			);
			dependencies = (
			);
			name = emojional;
			productName = emojional;
			productReference = 186A56AB22D7E6CB005CD5C4 /* emojional.app */;
			productType = "com.apple.product-type.application";
		};
/* End PBXNativeTarget section */

/* Begin PBXProject section */
		186A56A322D7E6CB005CD5C4 /* Project object */ = {
			isa = PBXProject;
			attributes = {
				LastSwiftUpdateCheck = 1020;
				LastUpgradeCheck = 1020;
				ORGANIZATIONNAME = KWK;
				TargetAttributes = {
					186A56AA22D7E6CB005CD5C4 = {
						CreatedOnToolsVersion = 10.2.1;
					};
				};
			};
			buildConfigurationList = 186A56A622D7E6CB005CD5C4 /* Build configuration list for PBXProject "emojional" */;
			compatibilityVersion = "Xcode 9.3";
			developmentRegion = en;
			hasScannedForEncodings = 0;
			knownRegions = (
				en,
				Base,
			);
			mainGroup = 186A56A222D7E6CB005CD5C4;
			productRefGroup = 186A56AC22D7E6CB005CD5C4 /* Products */;
			projectDirPath = "";
			projectRoot = "";
			targets = (
				186A56AA22D7E6CB005CD5C4 /* emojional */,
			);
		};
/* End PBXProject section */

/* Begin PBXResourcesBuildPhase section */
		186A56A922D7E6CB005CD5C4 /* Resources */ = {
			isa = PBXResourcesBuildPhase;
			buildActionMask = 2147483647;
			files = (
				186A56B922D7E6CC005CD5C4 /* LaunchScreen.storyboard in Resources */,
				186A56B622D7E6CC005CD5C4 /* Assets.xcassets in Resources */,
				186A56B422D7E6CB005CD5C4 /* Main.storyboard in Resources */,
			);
			runOnlyForDeploymentPostprocessing = 0;
		};
/* End PBXResourcesBuildPhase section */

/* Begin PBXSourcesBuildPhase section */
		186A56A722D7E6CB005CD5C4 /* Sources */ = {
			isa = PBXSourcesBuildPhase;
			buildActionMask = 2147483647;
			files = (
				186A56B122D7E6CB005CD5C4 /* ViewController.swift in Sources */,
				186A56AF22D7E6CB005CD5C4 /* AppDelegate.swift in Sources */,
			);
			runOnlyForDeploymentPostprocessing = 0;
		};
/* End PBXSourcesBuildPhase section */

/* Begin PBXVariantGroup section */
		186A56B222D7E6CB005CD5C4 /* Main.storyboard */ = {
			isa = PBXVariantGroup;
			children = (
				186A56B322D7E6CB005CD5C4 /* Base */,
			);
			name = Main.storyboard;
			sourceTree = "<group>";
		};
		186A56B722D7E6CC005CD5C4 /* LaunchScreen.storyboard */ = {
			isa = PBXVariantGroup;
			children = (
				186A56B822D7E6CC005CD5C4 /* Base */,
			);
			name = LaunchScreen.storyboard;
			sourceTree = "<group>";
		};
/* End PBXVariantGroup section */

/* Begin XCBuildConfiguration section */
		186A56BB22D7E6CC005CD5C4 /* Debug */ = {
			isa = XCBuildConfiguration;
			buildSettings = {
				ALWAYS_SEARCH_USER_PATHS = NO;
				CLANG_ANALYZER_NONNULL = YES;
				CLANG_ANALYZER_NUMBER_OBJECT_CONVERSION = YES_AGGRESSIVE;
				CLANG_CXX_LANGUAGE_STANDARD = "gnu++14";
				CLANG_CXX_LIBRARY = "libc++";
				CLANG_ENABLE_MODULES = YES;
				CLANG_ENABLE_OBJC_ARC = YES;
				CLANG_ENABLE_OBJC_WEAK = YES;
				CLANG_WARN_BLOCK_CAPTURE_AUTORELEASING = YES;
				CLANG_WARN_BOOL_CONVERSION = YES;
				CLANG_WARN_COMMA = YES;
				CLANG_WARN_CONSTANT_CONVERSION = YES;
				CLANG_WARN_DEPRECATED_OBJC_IMPLEMENTATIONS = YES;
				CLANG_WARN_DIRECT_OBJC_ISA_USAGE = YES_ERROR;
				CLANG_WARN_DOCUMENTATION_COMMENTS = YES;
				CLANG_WARN_EMPTY_BODY = YES;
				CLANG_WARN_ENUM_CONVERSION = YES;
				CLANG_WARN_INFINITE_RECURSION = YES;
				CLANG_WARN_INT_CONVERSION = YES;
				CLANG_WARN_NON_LITERAL_NULL_CONVERSION = YES;
				CLANG_WARN_OBJC_IMPLICIT_RETAIN_SELF = YES;
				CLANG_WARN_OBJC_LITERAL_CONVERSION = YES;
				CLANG_WARN_OBJC_ROOT_CLASS = YES_ERROR;
				CLANG_WARN_RANGE_LOOP_ANALYSIS = YES;
				CLANG_WARN_STRICT_PROTOTYPES = YES;
				CLANG_WARN_SUSPICIOUS_MOVE = YES;
				CLANG_WARN_UNGUARDED_AVAILABILITY = YES_AGGRESSIVE;
				CLANG_WARN_UNREACHABLE_CODE = YES;
				CLANG_WARN__DUPLICATE_METHOD_MATCH = YES;
				CODE_SIGN_IDENTITY = "iPhone Developer";
				COPY_PHASE_STRIP = NO;
				DEBUG_INFORMATION_FORMAT = dwarf;
				ENABLE_STRICT_OBJC_MSGSEND = YES;
				ENABLE_TESTABILITY = YES;
				GCC_C_LANGUAGE_STANDARD = gnu11;
				GCC_DYNAMIC_NO_PIC = NO;
				GCC_NO_COMMON_BLOCKS = YES;
				GCC_OPTIMIZATION_LEVEL = 0;
				GCC_PREPROCESSOR_DEFINITIONS = (
					"DEBUG=1",
					"$(inherited)",
				);
				GCC_WARN_64_TO_32_BIT_CONVERSION = YES;
				GCC_WARN_ABOUT_RETURN_TYPE = YES_ERROR;
				GCC_WARN_UNDECLARED_SELECTOR = YES;
				GCC_WARN_UNINITIALIZED_AUTOS = YES_AGGRESSIVE;
				GCC_WARN_UNUSED_FUNCTION = YES;
				GCC_WARN_UNUSED_VARIABLE = YES;
				IPHONEOS_DEPLOYMENT_TARGET = 12.2;
				MTL_ENABLE_DEBUG_INFO = INCLUDE_SOURCE;
				MTL_FAST_MATH = YES;
				ONLY_ACTIVE_ARCH = YES;
				SDKROOT = iphoneos;
				SWIFT_ACTIVE_COMPILATION_CONDITIONS = DEBUG;
				SWIFT_OPTIMIZATION_LEVEL = "-Onone";
			};
			name = Debug;
		};
		186A56BC22D7E6CC005CD5C4 /* Release */ = {
			isa = XCBuildConfiguration;
			buildSettings = {
				ALWAYS_SEARCH_USER_PATHS = NO;
				CLANG_ANALYZER_NONNULL = YES;
				CLANG_ANALYZER_NUMBER_OBJECT_CONVERSION = YES_AGGRESSIVE;
				CLANG_CXX_LANGUAGE_STANDARD = "gnu++14";
				CLANG_CXX_LIBRARY = "libc++";
				CLANG_ENABLE_MODULES = YES;
				CLANG_ENABLE_OBJC_ARC = YES;
				CLANG_ENABLE_OBJC_WEAK = YES;
				CLANG_WARN_BLOCK_CAPTURE_AUTORELEASING = YES;
				CLANG_WARN_BOOL_CONVERSION = YES;
				CLANG_WARN_COMMA = YES;
				CLANG_WARN_CONSTANT_CONVERSION = YES;
				CLANG_WARN_DEPRECATED_OBJC_IMPLEMENTATIONS = YES;
				CLANG_WARN_DIRECT_OBJC_ISA_USAGE = YES_ERROR;
				CLANG_WARN_DOCUMENTATION_COMMENTS = YES;
				CLANG_WARN_EMPTY_BODY = YES;
				CLANG_WARN_ENUM_CONVERSION = YES;
				CLANG_WARN_INFINITE_RECURSION = YES;
				CLANG_WARN_INT_CONVERSION = YES;
				CLANG_WARN_NON_LITERAL_NULL_CONVERSION = YES;
				CLANG_WARN_OBJC_IMPLICIT_RETAIN_SELF = YES;
				CLANG_WARN_OBJC_LITERAL_CONVERSION = YES;
				CLANG_WARN_OBJC_ROOT_CLASS = YES_ERROR;
				CLANG_WARN_RANGE_LOOP_ANALYSIS = YES;
				CLANG_WARN_STRICT_PROTOTYPES = YES;
				CLANG_WARN_SUSPICIOUS_MOVE = YES;
				CLANG_WARN_UNGUARDED_AVAILABILITY = YES_AGGRESSIVE;
				CLANG_WARN_UNREACHABLE_CODE = YES;
				CLANG_WARN__DUPLICATE_METHOD_MATCH = YES;
				CODE_SIGN_IDENTITY = "iPhone Developer";
				COPY_PHASE_STRIP = NO;
				DEBUG_INFORMATION_FORMAT = "dwarf-with-dsym";
				ENABLE_NS_ASSERTIONS = NO;
				ENABLE_STRICT_OBJC_MSGSEND = YES;
				GCC_C_LANGUAGE_STANDARD = gnu11;
				GCC_NO_COMMON_BLOCKS = YES;
				GCC_WARN_64_TO_32_BIT_CONVERSION = YES;
				GCC_WARN_ABOUT_RETURN_TYPE = YES_ERROR;
				GCC_WARN_UNDECLARED_SELECTOR = YES;
				GCC_WARN_UNINITIALIZED_AUTOS = YES_AGGRESSIVE;
				GCC_WARN_UNUSED_FUNCTION = YES;
				GCC_WARN_UNUSED_VARIABLE = YES;
				IPHONEOS_DEPLOYMENT_TARGET = 12.2;
				MTL_ENABLE_DEBUG_INFO = NO;
				MTL_FAST_MATH = YES;
				SDKROOT = iphoneos;
				SWIFT_COMPILATION_MODE = wholemodule;
				SWIFT_OPTIMIZATION_LEVEL = "-O";
				VALIDATE_PRODUCT = YES;
			};
			name = Release;
		};
		186A56BE22D7E6CC005CD5C4 /* Debug */ = {
			isa = XCBuildConfiguration;
			buildSettings = {
				ASSETCATALOG_COMPILER_APPICON_NAME = AppIcon;
				CODE_SIGN_STYLE = Automatic;
				DEVELOPMENT_TEAM = 77MNVBUTBM;
				INFOPLIST_FILE = emojional/Info.plist;
				LD_RUNPATH_SEARCH_PATHS = (
					"$(inherited)",
					"@executable_path/Frameworks",
				);
				PRODUCT_BUNDLE_IDENTIFIER = Klossy.emojional;
				PRODUCT_NAME = "$(TARGET_NAME)";
				SWIFT_VERSION = 5.0;
				TARGETED_DEVICE_FAMILY = "1,2";
			};
			name = Debug;
		};
		186A56BF22D7E6CC005CD5C4 /* Release */ = {
			isa = XCBuildConfiguration;
			buildSettings = {
				ASSETCATALOG_COMPILER_APPICON_NAME = AppIcon;
				CODE_SIGN_STYLE = Automatic;
				DEVELOPMENT_TEAM = 77MNVBUTBM;
				INFOPLIST_FILE = emojional/Info.plist;
				LD_RUNPATH_SEARCH_PATHS = (
					"$(inherited)",
					"@executable_path/Frameworks",
				);
				PRODUCT_BUNDLE_IDENTIFIER = Klossy.emojional;
				PRODUCT_NAME = "$(TARGET_NAME)";
				SWIFT_VERSION = 5.0;
				TARGETED_DEVICE_FAMILY = "1,2";
			};
			name = Release;
		};
/* End XCBuildConfiguration section */

/* Begin XCConfigurationList section */
		186A56A622D7E6CB005CD5C4 /* Build configuration list for PBXProject "emojional" */ = {
			isa = XCConfigurationList;
			buildConfigurations = (
				186A56BB22D7E6CC005CD5C4 /* Debug */,
				186A56BC22D7E6CC005CD5C4 /* Release */,
			);
			defaultConfigurationIsVisible = 0;
			defaultConfigurationName = Release;
		};
		186A56BD22D7E6CC005CD5C4 /* Build configuration list for PBXNativeTarget "emojional" */ = {
			isa = XCConfigurationList;
			buildConfigurations = (
				186A56BE22D7E6CC005CD5C4 /* Debug */,
				186A56BF22D7E6CC005CD5C4 /* Release */,
			);
			defaultConfigurationIsVisible = 0;
			defaultConfigurationName = Release;
		};
/* End XCConfigurationList section */
	};
	rootObject = 186A56A322D7E6CB005CD5C4 /* Project object */;
}
